
Microsoft Visual Studio Solution File, Format Version 12.00
# Visual Studio Version 16
VisualStudioVersion = 16.0.30225.117
MinimumVisualStudioVersion = 10.0.40219.1
Project("{9A19103F-16F7-4668-BE54-9A1E7A4F7556}") = "Lib.Core", "src\Lib.Core\Lib.Core.csproj", "{1E3D7212-7F23-46B0-A187-88B971B4153B}"
EndProject
Project("{9A19103F-16F7-4668-BE54-9A1E7A4F7556}") = "Lib.Service", "src\Lib.Service\Lib.Service.csproj", "{C9F4E542-38D0-404B-8580-D9760DC60931}"
EndProject
Project("{9A19103F-16F7-4668-BE54-9A1E7A4F7556}") = "WebAppCore", "src\WebAppCore\WebAppCore.csproj", "{6F8A6681-D81C-4F69-B64E-4388521201CF}"
EndProject
Global
	GlobalSection(SolutionConfigurationPlatforms) = preSolution
		Debug|Any CPU = Debug|Any CPU
		Release|Any CPU = Release|Any CPU
	EndGlobalSection
	GlobalSection(ProjectConfigurationPlatforms) = postSolution
		{1E3D7212-7F23-46B0-A187-88B971B4153B}.Debug|Any CPU.ActiveCfg = Debug|Any CPU
		{1E3D7212-7F23-46B0-A187-88B971B4153B}.Debug|Any CPU.Build.0 = Debug|Any CPU
		{1E3D7212-7F23-46B0-A187-88B971B4153B}.Release|Any CPU.ActiveCfg = Release|Any CPU
		{1E3D7212-7F23-46B0-A187-88B971B4153B}.Release|Any CPU.Build.0 = Release|Any CPU
		{C9F4E542-38D0-404B-8580-D9760DC60931}.Debug|Any CPU.ActiveCfg = Debug|Any CPU
		{C9F4E542-38D0-404B-8580-D9760DC60931}.Debug|Any CPU.Build.0 = Debug|Any CPU
		{C9F4E542-38D0-404B-8580-D9760DC60931}.Release|Any CPU.ActiveCfg = Release|Any CPU
		{C9F4E542-38D0-404B-8580-D9760DC60931}.Release|Any CPU.Build.0 = Release|Any CPU
		{6F8A6681-D81C-4F69-B64E-4388521201CF}.Debug|Any CPU.ActiveCfg = Debug|Any CPU
		{6F8A6681-D81C-4F69-B64E-4388521201CF}.Debug|Any CPU.Build.0 = Debug|Any CPU
		{6F8A6681-D81C-4F69-B64E-4388521201CF}.Release|Any CPU.ActiveCfg = Release|Any CPU
		{6F8A6681-D81C-4F69-B64E-4388521201CF}.Release|Any CPU.Build.0 = Release|Any CPU
	EndGlobalSection
	GlobalSection(SolutionProperties) = preSolution
		HideSolutionNode = FALSE
	EndGlobalSection
	GlobalSection(ExtensibilityGlobals) = postSolution
		SolutionGuid = {24006ADA-0E42-4810-90A5-43DFF23B20F3}
	EndGlobalSection
EndGlobal
